
Microsoft Visual Studio Solution File, Format Version 12.00
# Visual Studio Version 17
VisualStudioVersion = 17.5.33516.290
MinimumVisualStudioVersion = 10.0.40219.1
Project("{FAE04EC0-301F-11D3-BF4B-00C04F79EFBC}") = "OOOSportProduct", "OOOSportProduct\OOOSportProduct.csproj", "{276162ED-C616-4E6C-840E-6404C17AD14D}"
EndProject
Global
	GlobalSection(SolutionConfigurationPlatforms) = preSolution
		Debug|Any CPU = Debug|Any CPU
		Release|Any CPU = Release|Any CPU
	EndGlobalSection
	GlobalSection(ProjectConfigurationPlatforms) = postSolution
		{276162ED-C616-4E6C-840E-6404C17AD14D}.Debug|Any CPU.ActiveCfg = Debug|Any CPU
		{276162ED-C616-4E6C-840E-6404C17AD14D}.Debug|Any CPU.Build.0 = Debug|Any CPU
		{276162ED-C616-4E6C-840E-6404C17AD14D}.Release|Any CPU.ActiveCfg = Release|Any CPU
		{276162ED-C616-4E6C-840E-6404C17AD14D}.Release|Any CPU.Build.0 = Release|Any CPU
	EndGlobalSection
	GlobalSection(SolutionProperties) = preSolution
		HideSolutionNode = FALSE
	EndGlobalSection
	GlobalSection(ExtensibilityGlobals) = postSolution
		SolutionGuid = {11344D8D-F6B1-4DEA-9855-157069CA45B6}
	EndGlobalSection
EndGlobal
